// !$*UTF8*$!
{
	archiveVersion = 1;
	classes = {
	};
	objectVersion = 55;
	objects = {

/* Begin PBXBuildFile section */
		6D46242B290C295A00CAE4E9 /* DebugConsoleSender.swift in Sources */ = {isa = PBXBuildFile; fileRef = 6D46242A290C295A00CAE4E9 /* DebugConsoleSender.swift */; };
		6D9036022902B89300386AF9 /* SettingsView.swift in Sources */ = {isa = PBXBuildFile; fileRef = 6D9036012902B89300386AF9 /* SettingsView.swift */; };
		6D9FA40F291EB86600AABBBE /* SenderTimeManager.swift in Sources */ = {isa = PBXBuildFile; fileRef = 6D9FA40E291EB86600AABBBE /* SenderTimeManager.swift */; };
		6DAD7D6B28DE0600001B1DF2 /* cuddly_carnivalApp.swift in Sources */ = {isa = PBXBuildFile; fileRef = 6DAD7D6A28DE0600001B1DF2 /* cuddly_carnivalApp.swift */; };
		6DAD7D6D28DE0600001B1DF2 /* ContentView.swift in Sources */ = {isa = PBXBuildFile; fileRef = 6DAD7D6C28DE0600001B1DF2 /* ContentView.swift */; };
		6DAD7D6F28DE0601001B1DF2 /* Assets.xcassets in Resources */ = {isa = PBXBuildFile; fileRef = 6DAD7D6E28DE0601001B1DF2 /* Assets.xcassets */; };
		6DAD7D7228DE0601001B1DF2 /* Preview Assets.xcassets in Resources */ = {isa = PBXBuildFile; fileRef = 6DAD7D7128DE0601001B1DF2 /* Preview Assets.xcassets */; };
		ED8B2FCC28EC78AA002952CA /* LevelMeter.swift in Sources */ = {isa = PBXBuildFile; fileRef = ED8B2FCB28EC78AA002952CA /* LevelMeter.swift */; };
		EDBDF6A82921793400950B3B /* Colors.swift in Sources */ = {isa = PBXBuildFile; fileRef = EDBDF6A72921793400950B3B /* Colors.swift */; };
		EDD403A328F068A9003EF060 /* LocalNotificationSender.swift in Sources */ = {isa = PBXBuildFile; fileRef = EDD403A228F068A9003EF060 /* LocalNotificationSender.swift */; };
		EDD403A628F068E1003EF060 /* Sender.swift in Sources */ = {isa = PBXBuildFile; fileRef = EDD403A528F068E1003EF060 /* Sender.swift */; };
		EDDEBA4B29066405002FF58A /* LevelGauge.swift in Sources */ = {isa = PBXBuildFile; fileRef = EDDEBA4A29066405002FF58A /* LevelGauge.swift */; };
		EDDEBA4D29067F9F002FF58A /* Arc.swift in Sources */ = {isa = PBXBuildFile; fileRef = EDDEBA4C29067F9F002FF58A /* Arc.swift */; };
/* End PBXBuildFile section */

/* Begin PBXFileReference section */
		6D46242A290C295A00CAE4E9 /* DebugConsoleSender.swift */ = {isa = PBXFileReference; lastKnownFileType = sourcecode.swift; path = DebugConsoleSender.swift; sourceTree = "<group>"; };
		6D9036012902B89300386AF9 /* SettingsView.swift */ = {isa = PBXFileReference; lastKnownFileType = sourcecode.swift; path = SettingsView.swift; sourceTree = "<group>"; };
		6D9FA40E291EB86600AABBBE /* SenderTimeManager.swift */ = {isa = PBXFileReference; lastKnownFileType = sourcecode.swift; path = SenderTimeManager.swift; sourceTree = "<group>"; };
		6DAD7D6728DE0600001B1DF2 /* cuddly-carnival.app */ = {isa = PBXFileReference; explicitFileType = wrapper.application; includeInIndex = 0; path = "cuddly-carnival.app"; sourceTree = BUILT_PRODUCTS_DIR; };
		6DAD7D6A28DE0600001B1DF2 /* cuddly_carnivalApp.swift */ = {isa = PBXFileReference; lastKnownFileType = sourcecode.swift; path = cuddly_carnivalApp.swift; sourceTree = "<group>"; };
		6DAD7D6C28DE0600001B1DF2 /* ContentView.swift */ = {isa = PBXFileReference; lastKnownFileType = sourcecode.swift; path = ContentView.swift; sourceTree = "<group>"; };
		6DAD7D6E28DE0601001B1DF2 /* Assets.xcassets */ = {isa = PBXFileReference; lastKnownFileType = folder.assetcatalog; path = Assets.xcassets; sourceTree = "<group>"; };
		6DAD7D7128DE0601001B1DF2 /* Preview Assets.xcassets */ = {isa = PBXFileReference; lastKnownFileType = folder.assetcatalog; path = "Preview Assets.xcassets"; sourceTree = "<group>"; };
		ED100A6F28DE083900F8063B /* Info.plist */ = {isa = PBXFileReference; lastKnownFileType = text.plist; path = Info.plist; sourceTree = "<group>"; };
		ED8B2FCB28EC78AA002952CA /* LevelMeter.swift */ = {isa = PBXFileReference; lastKnownFileType = sourcecode.swift; path = LevelMeter.swift; sourceTree = "<group>"; };
		EDBDF6A72921793400950B3B /* Colors.swift */ = {isa = PBXFileReference; lastKnownFileType = sourcecode.swift; path = Colors.swift; sourceTree = "<group>"; };
		EDD403A228F068A9003EF060 /* LocalNotificationSender.swift */ = {isa = PBXFileReference; lastKnownFileType = sourcecode.swift; path = LocalNotificationSender.swift; sourceTree = "<group>"; };
		EDD403A528F068E1003EF060 /* Sender.swift */ = {isa = PBXFileReference; lastKnownFileType = sourcecode.swift; path = Sender.swift; sourceTree = "<group>"; };
		EDDEBA4A29066405002FF58A /* LevelGauge.swift */ = {isa = PBXFileReference; lastKnownFileType = sourcecode.swift; path = LevelGauge.swift; sourceTree = "<group>"; };
		EDDEBA4C29067F9F002FF58A /* Arc.swift */ = {isa = PBXFileReference; lastKnownFileType = sourcecode.swift; path = Arc.swift; sourceTree = "<group>"; };
/* End PBXFileReference section */

/* Begin PBXFrameworksBuildPhase section */
		6DAD7D6428DE0600001B1DF2 /* Frameworks */ = {
			isa = PBXFrameworksBuildPhase;
			buildActionMask = 2147483647;
			files = (
			);
			runOnlyForDeploymentPostprocessing = 0;
		};
/* End PBXFrameworksBuildPhase section */

/* Begin PBXGroup section */
		6D9036002902B88200386AF9 /* Settings */ = {
			isa = PBXGroup;
			children = (
				6D9036012902B89300386AF9 /* SettingsView.swift */,
				EDBDF6A72921793400950B3B /* Colors.swift */,
			);
			path = Settings;
			sourceTree = "<group>";
		};
		6DAD7D5E28DE0600001B1DF2 = {
			isa = PBXGroup;
			children = (
				6DAD7D6928DE0600001B1DF2 /* cuddly-carnival */,
				6DAD7D6828DE0600001B1DF2 /* Products */,
			);
			sourceTree = "<group>";
		};
		6DAD7D6828DE0600001B1DF2 /* Products */ = {
			isa = PBXGroup;
			children = (
				6DAD7D6728DE0600001B1DF2 /* cuddly-carnival.app */,
			);
			name = Products;
			sourceTree = "<group>";
		};
		6DAD7D6928DE0600001B1DF2 /* cuddly-carnival */ = {
			isa = PBXGroup;
			children = (
				ED8B2FCA28EC789E002952CA /* AudioRecording */,
				6DAD7D7028DE0601001B1DF2 /* Preview Content */,
				EDBDF6A929217E5F00950B3B /* Resources */,
				EDD403A128F06891003EF060 /* Sender */,
				6D9036002902B88200386AF9 /* Settings */,
				ED8B2FC728EC621A002952CA /* Views */,
				6DAD7D6C28DE0600001B1DF2 /* ContentView.swift */,
				6DAD7D6A28DE0600001B1DF2 /* cuddly_carnivalApp.swift */,
				ED100A6F28DE083900F8063B /* Info.plist */,
			);
			path = "cuddly-carnival";
			sourceTree = "<group>";
		};
		6DAD7D7028DE0601001B1DF2 /* Preview Content */ = {
			isa = PBXGroup;
			children = (
				6DAD7D7128DE0601001B1DF2 /* Preview Assets.xcassets */,
			);
			path = "Preview Content";
			sourceTree = "<group>";
		};
		ED8B2FC728EC621A002952CA /* Views */ = {
			isa = PBXGroup;
			children = (
				EDDEBA4C29067F9F002FF58A /* Arc.swift */,
				EDDEBA4A29066405002FF58A /* LevelGauge.swift */,
			);
			path = Views;
			sourceTree = "<group>";
		};
		ED8B2FCA28EC789E002952CA /* AudioRecording */ = {
			isa = PBXGroup;
			children = (
				ED8B2FCB28EC78AA002952CA /* LevelMeter.swift */,
			);
			path = AudioRecording;
			sourceTree = "<group>";
		};
		EDBDF6A929217E5F00950B3B /* Resources */ = {
			isa = PBXGroup;
			children = (
				6DAD7D6E28DE0601001B1DF2 /* Assets.xcassets */,
			);
			path = Resources;
			sourceTree = "<group>";
		};
		EDD403A128F06891003EF060 /* Sender */ = {
			isa = PBXGroup;
			children = (
				6D46242A290C295A00CAE4E9 /* DebugConsoleSender.swift */,
				EDD403A228F068A9003EF060 /* LocalNotificationSender.swift */,
				EDD403A528F068E1003EF060 /* Sender.swift */,
				6D9FA40E291EB86600AABBBE /* SenderTimeManager.swift */,
			);
			path = Sender;
			sourceTree = "<group>";
		};
/* End PBXGroup section */

/* Begin PBXNativeTarget section */
		6DAD7D6628DE0600001B1DF2 /* cuddly-carnival */ = {
			isa = PBXNativeTarget;
			buildConfigurationList = 6DAD7D7528DE0601001B1DF2 /* Build configuration list for PBXNativeTarget "cuddly-carnival" */;
			buildPhases = (
				6DAD7D6328DE0600001B1DF2 /* Sources */,
				6DAD7D6428DE0600001B1DF2 /* Frameworks */,
				6DAD7D6528DE0600001B1DF2 /* Resources */,
			);
			buildRules = (
			);
			dependencies = (
			);
			name = "cuddly-carnival";
			packageProductDependencies = (
			);
			productName = "cuddly-carnival";
			productReference = 6DAD7D6728DE0600001B1DF2 /* cuddly-carnival.app */;
			productType = "com.apple.product-type.application";
		};
/* End PBXNativeTarget section */

/* Begin PBXProject section */
		6DAD7D5F28DE0600001B1DF2 /* Project object */ = {
			isa = PBXProject;
			attributes = {
				BuildIndependentTargetsInParallel = 1;
				LastSwiftUpdateCheck = 1340;
				LastUpgradeCheck = 1340;
				TargetAttributes = {
					6DAD7D6628DE0600001B1DF2 = {
						CreatedOnToolsVersion = 13.4;
					};
				};
			};
			buildConfigurationList = 6DAD7D6228DE0600001B1DF2 /* Build configuration list for PBXProject "cuddly-carnival" */;
			compatibilityVersion = "Xcode 13.0";
			developmentRegion = en;
			hasScannedForEncodings = 0;
			knownRegions = (
				en,
				Base,
			);
			mainGroup = 6DAD7D5E28DE0600001B1DF2;
			packageReferences = (
			);
			productRefGroup = 6DAD7D6828DE0600001B1DF2 /* Products */;
			projectDirPath = "";
			projectRoot = "";
			targets = (
				6DAD7D6628DE0600001B1DF2 /* cuddly-carnival */,
			);
		};
/* End PBXProject section */

/* Begin PBXResourcesBuildPhase section */
		6DAD7D6528DE0600001B1DF2 /* Resources */ = {
			isa = PBXResourcesBuildPhase;
			buildActionMask = 2147483647;
			files = (
				6DAD7D7228DE0601001B1DF2 /* Preview Assets.xcassets in Resources */,
				6DAD7D6F28DE0601001B1DF2 /* Assets.xcassets in Resources */,
			);
			runOnlyForDeploymentPostprocessing = 0;
		};
/* End PBXResourcesBuildPhase section */

/* Begin PBXSourcesBuildPhase section */
		6DAD7D6328DE0600001B1DF2 /* Sources */ = {
			isa = PBXSourcesBuildPhase;
			buildActionMask = 2147483647;
			files = (
				6DAD7D6D28DE0600001B1DF2 /* ContentView.swift in Sources */,
				EDBDF6A82921793400950B3B /* Colors.swift in Sources */,
				6D9036022902B89300386AF9 /* SettingsView.swift in Sources */,
				EDD403A628F068E1003EF060 /* Sender.swift in Sources */,
				EDDEBA4D29067F9F002FF58A /* Arc.swift in Sources */,
				6DAD7D6B28DE0600001B1DF2 /* cuddly_carnivalApp.swift in Sources */,
				ED8B2FCC28EC78AA002952CA /* LevelMeter.swift in Sources */,
				EDD403A328F068A9003EF060 /* LocalNotificationSender.swift in Sources */,
				EDDEBA4B29066405002FF58A /* LevelGauge.swift in Sources */,
				6D9FA40F291EB86600AABBBE /* SenderTimeManager.swift in Sources */,
				6D46242B290C295A00CAE4E9 /* DebugConsoleSender.swift in Sources */,
			);
			runOnlyForDeploymentPostprocessing = 0;
		};
/* End PBXSourcesBuildPhase section */

/* Begin XCBuildConfiguration section */
		6DAD7D7328DE0601001B1DF2 /* Debug */ = {
			isa = XCBuildConfiguration;
			buildSettings = {
				ALWAYS_SEARCH_USER_PATHS = NO;
				CLANG_ANALYZER_NONNULL = YES;
				CLANG_ANALYZER_NUMBER_OBJECT_CONVERSION = YES_AGGRESSIVE;
				CLANG_CXX_LANGUAGE_STANDARD = "gnu++17";
				CLANG_ENABLE_MODULES = YES;
				CLANG_ENABLE_OBJC_ARC = YES;
				CLANG_ENABLE_OBJC_WEAK = YES;
				CLANG_WARN_BLOCK_CAPTURE_AUTORELEASING = YES;
				CLANG_WARN_BOOL_CONVERSION = YES;
				CLANG_WARN_COMMA = YES;
				CLANG_WARN_CONSTANT_CONVERSION = YES;
				CLANG_WARN_DEPRECATED_OBJC_IMPLEMENTATIONS = YES;
				CLANG_WARN_DIRECT_OBJC_ISA_USAGE = YES_ERROR;
				CLANG_WARN_DOCUMENTATION_COMMENTS = YES;
				CLANG_WARN_EMPTY_BODY = YES;
				CLANG_WARN_ENUM_CONVERSION = YES;
				CLANG_WARN_INFINITE_RECURSION = YES;
				CLANG_WARN_INT_CONVERSION = YES;
				CLANG_WARN_NON_LITERAL_NULL_CONVERSION = YES;
				CLANG_WARN_OBJC_IMPLICIT_RETAIN_SELF = YES;
				CLANG_WARN_OBJC_LITERAL_CONVERSION = YES;
				CLANG_WARN_OBJC_ROOT_CLASS = YES_ERROR;
				CLANG_WARN_QUOTED_INCLUDE_IN_FRAMEWORK_HEADER = YES;
				CLANG_WARN_RANGE_LOOP_ANALYSIS = YES;
				CLANG_WARN_STRICT_PROTOTYPES = YES;
				CLANG_WARN_SUSPICIOUS_MOVE = YES;
				CLANG_WARN_UNGUARDED_AVAILABILITY = YES_AGGRESSIVE;
				CLANG_WARN_UNREACHABLE_CODE = YES;
				CLANG_WARN__DUPLICATE_METHOD_MATCH = YES;
				COPY_PHASE_STRIP = NO;
				DEBUG_INFORMATION_FORMAT = dwarf;
				ENABLE_STRICT_OBJC_MSGSEND = YES;
				ENABLE_TESTABILITY = YES;
				GCC_C_LANGUAGE_STANDARD = gnu11;
				GCC_DYNAMIC_NO_PIC = NO;
				GCC_NO_COMMON_BLOCKS = YES;
				GCC_OPTIMIZATION_LEVEL = 0;
				GCC_PREPROCESSOR_DEFINITIONS = (
					"DEBUG=1",
					"$(inherited)",
				);
				GCC_WARN_64_TO_32_BIT_CONVERSION = YES;
				GCC_WARN_ABOUT_RETURN_TYPE = YES_ERROR;
				GCC_WARN_UNDECLARED_SELECTOR = YES;
				GCC_WARN_UNINITIALIZED_AUTOS = YES_AGGRESSIVE;
				GCC_WARN_UNUSED_FUNCTION = YES;
				GCC_WARN_UNUSED_VARIABLE = YES;
				IPHONEOS_DEPLOYMENT_TARGET = 15.5;
				MTL_ENABLE_DEBUG_INFO = INCLUDE_SOURCE;
				MTL_FAST_MATH = YES;
				ONLY_ACTIVE_ARCH = YES;
				SDKROOT = iphoneos;
				SWIFT_ACTIVE_COMPILATION_CONDITIONS = DEBUG;
				SWIFT_OPTIMIZATION_LEVEL = "-Onone";
			};
			name = Debug;
		};
		6DAD7D7428DE0601001B1DF2 /* Release */ = {
			isa = XCBuildConfiguration;
			buildSettings = {
				ALWAYS_SEARCH_USER_PATHS = NO;
				CLANG_ANALYZER_NONNULL = YES;
				CLANG_ANALYZER_NUMBER_OBJECT_CONVERSION = YES_AGGRESSIVE;
				CLANG_CXX_LANGUAGE_STANDARD = "gnu++17";
				CLANG_ENABLE_MODULES = YES;
				CLANG_ENABLE_OBJC_ARC = YES;
				CLANG_ENABLE_OBJC_WEAK = YES;
				CLANG_WARN_BLOCK_CAPTURE_AUTORELEASING = YES;
				CLANG_WARN_BOOL_CONVERSION = YES;
				CLANG_WARN_COMMA = YES;
				CLANG_WARN_CONSTANT_CONVERSION = YES;
				CLANG_WARN_DEPRECATED_OBJC_IMPLEMENTATIONS = YES;
				CLANG_WARN_DIRECT_OBJC_ISA_USAGE = YES_ERROR;
				CLANG_WARN_DOCUMENTATION_COMMENTS = YES;
				CLANG_WARN_EMPTY_BODY = YES;
				CLANG_WARN_ENUM_CONVERSION = YES;
				CLANG_WARN_INFINITE_RECURSION = YES;
				CLANG_WARN_INT_CONVERSION = YES;
				CLANG_WARN_NON_LITERAL_NULL_CONVERSION = YES;
				CLANG_WARN_OBJC_IMPLICIT_RETAIN_SELF = YES;
				CLANG_WARN_OBJC_LITERAL_CONVERSION = YES;
				CLANG_WARN_OBJC_ROOT_CLASS = YES_ERROR;
				CLANG_WARN_QUOTED_INCLUDE_IN_FRAMEWORK_HEADER = YES;
				CLANG_WARN_RANGE_LOOP_ANALYSIS = YES;
				CLANG_WARN_STRICT_PROTOTYPES = YES;
				CLANG_WARN_SUSPICIOUS_MOVE = YES;
				CLANG_WARN_UNGUARDED_AVAILABILITY = YES_AGGRESSIVE;
				CLANG_WARN_UNREACHABLE_CODE = YES;
				CLANG_WARN__DUPLICATE_METHOD_MATCH = YES;
				COPY_PHASE_STRIP = NO;
				DEBUG_INFORMATION_FORMAT = "dwarf-with-dsym";
				ENABLE_NS_ASSERTIONS = NO;
				ENABLE_STRICT_OBJC_MSGSEND = YES;
				GCC_C_LANGUAGE_STANDARD = gnu11;
				GCC_NO_COMMON_BLOCKS = YES;
				GCC_WARN_64_TO_32_BIT_CONVERSION = YES;
				GCC_WARN_ABOUT_RETURN_TYPE = YES_ERROR;
				GCC_WARN_UNDECLARED_SELECTOR = YES;
				GCC_WARN_UNINITIALIZED_AUTOS = YES_AGGRESSIVE;
				GCC_WARN_UNUSED_FUNCTION = YES;
				GCC_WARN_UNUSED_VARIABLE = YES;
				IPHONEOS_DEPLOYMENT_TARGET = 15.5;
				MTL_ENABLE_DEBUG_INFO = NO;
				MTL_FAST_MATH = YES;
				SDKROOT = iphoneos;
				SWIFT_COMPILATION_MODE = wholemodule;
				SWIFT_OPTIMIZATION_LEVEL = "-O";
				VALIDATE_PRODUCT = YES;
			};
			name = Release;
		};
		6DAD7D7628DE0601001B1DF2 /* Debug */ = {
			isa = XCBuildConfiguration;
			buildSettings = {
				ASSETCATALOG_COMPILER_APPICON_NAME = AppIcon;
				ASSETCATALOG_COMPILER_GLOBAL_ACCENT_COLOR_NAME = AccentColor;
				CODE_SIGN_STYLE = Automatic;
				CURRENT_PROJECT_VERSION = 1;
				DEVELOPMENT_ASSET_PATHS = "\"cuddly-carnival/Preview Content\"";
				DEVELOPMENT_TEAM = 235H62Z32M;
				ENABLE_PREVIEWS = YES;
				GENERATE_INFOPLIST_FILE = YES;
				INFOPLIST_FILE = "cuddly-carnival/Info.plist";
				INFOPLIST_KEY_NSMicrophoneUsageDescription = "We need your microphone to record audio.";
				INFOPLIST_KEY_UIApplicationSceneManifest_Generation = YES;
				INFOPLIST_KEY_UIApplicationSupportsIndirectInputEvents = YES;
				INFOPLIST_KEY_UILaunchScreen_Generation = YES;
				INFOPLIST_KEY_UISupportedInterfaceOrientations_iPad = "UIInterfaceOrientationPortrait UIInterfaceOrientationPortraitUpsideDown UIInterfaceOrientationLandscapeLeft UIInterfaceOrientationLandscapeRight";
				INFOPLIST_KEY_UISupportedInterfaceOrientations_iPhone = "UIInterfaceOrientationPortrait UIInterfaceOrientationLandscapeLeft UIInterfaceOrientationLandscapeRight";
				IPHONEOS_DEPLOYMENT_TARGET = 16.0;
				LD_RUNPATH_SEARCH_PATHS = (
					"$(inherited)",
					"@executable_path/Frameworks",
				);
				MARKETING_VERSION = 1.0;
				PRODUCT_BUNDLE_IDENTIFIER = "de.cuddly-carnival";
				PRODUCT_NAME = "$(TARGET_NAME)";
				SWIFT_EMIT_LOC_STRINGS = YES;
				SWIFT_VERSION = 5.0;
				TARGETED_DEVICE_FAMILY = "1,2";
			};
			name = Debug;
		};
		6DAD7D7728DE0601001B1DF2 /* Release */ = {
			isa = XCBuildConfiguration;
			buildSettings = {
				ASSETCATALOG_COMPILER_APPICON_NAME = AppIcon;
				ASSETCATALOG_COMPILER_GLOBAL_ACCENT_COLOR_NAME = AccentColor;
				CODE_SIGN_STYLE = Automatic;
				CURRENT_PROJECT_VERSION = 1;
				DEVELOPMENT_ASSET_PATHS = "\"cuddly-carnival/Preview Content\"";
				DEVELOPMENT_TEAM = 235H62Z32M;
				ENABLE_PREVIEWS = YES;
				GENERATE_INFOPLIST_FILE = YES;
				INFOPLIST_FILE = "cuddly-carnival/Info.plist";
				INFOPLIST_KEY_NSMicrophoneUsageDescription = "We need your microphone to record audio.";
				INFOPLIST_KEY_UIApplicationSceneManifest_Generation = YES;
				INFOPLIST_KEY_UIApplicationSupportsIndirectInputEvents = YES;
				INFOPLIST_KEY_UILaunchScreen_Generation = YES;
				INFOPLIST_KEY_UISupportedInterfaceOrientations_iPad = "UIInterfaceOrientationPortrait UIInterfaceOrientationPortraitUpsideDown UIInterfaceOrientationLandscapeLeft UIInterfaceOrientationLandscapeRight";
				INFOPLIST_KEY_UISupportedInterfaceOrientations_iPhone = "UIInterfaceOrientationPortrait UIInterfaceOrientationLandscapeLeft UIInterfaceOrientationLandscapeRight";
				IPHONEOS_DEPLOYMENT_TARGET = 16.0;
				LD_RUNPATH_SEARCH_PATHS = (
					"$(inherited)",
					"@executable_path/Frameworks",
				);
				MARKETING_VERSION = 1.0;
				PRODUCT_BUNDLE_IDENTIFIER = "de.cuddly-carnival";
				PRODUCT_NAME = "$(TARGET_NAME)";
				SWIFT_EMIT_LOC_STRINGS = YES;
				SWIFT_VERSION = 5.0;
				TARGETED_DEVICE_FAMILY = "1,2";
			};
			name = Release;
		};
/* End XCBuildConfiguration section */

/* Begin XCConfigurationList section */
		6DAD7D6228DE0600001B1DF2 /* Build configuration list for PBXProject "cuddly-carnival" */ = {
			isa = XCConfigurationList;
			buildConfigurations = (
				6DAD7D7328DE0601001B1DF2 /* Debug */,
				6DAD7D7428DE0601001B1DF2 /* Release */,
			);
			defaultConfigurationIsVisible = 0;
			defaultConfigurationName = Release;
		};
		6DAD7D7528DE0601001B1DF2 /* Build configuration list for PBXNativeTarget "cuddly-carnival" */ = {
			isa = XCConfigurationList;
			buildConfigurations = (
				6DAD7D7628DE0601001B1DF2 /* Debug */,
				6DAD7D7728DE0601001B1DF2 /* Release */,
			);
			defaultConfigurationIsVisible = 0;
			defaultConfigurationName = Release;
		};
/* End XCConfigurationList section */
	};
	rootObject = 6DAD7D5F28DE0600001B1DF2 /* Project object */;
}
